PODS:
  - AFNetworking (2.4.1):
    - AFNetworking/NSURLConnection (= 2.4.1)
    - AFNetworking/NSURLSession (= 2.4.1)
    - AFNetworking/Reachability (= 2.4.1)
    - AFNetworking/Security (= 2.4.1)
    - AFNetworking/Serialization (= 2.4.1)
    - AFNetworking/UIKit (= 2.4.1)
  - AFNetworking/NSURLConnection (2.4.1):
    - AFNetworking/Reachability
    - AFNetworking/Security
    - AFNetworking/Serialization
  - AFNetworking/NSURLSession (2.4.1):
    - AFNetworking/Reachability
    - AFNetworking/Security
    - AFNetworking/Serialization
  - AFNetworking/Reachability (2.4.1)
  - AFNetworking/Security (2.4.1)
  - AFNetworking/Serialization (2.4.1)
  - AFNetworking/UIKit (2.4.1):
    - AFNetworking/NSURLConnection
    - AFNetworking/NSURLSession
  - Mantle (2.1.0):
    - Mantle/extobjc (= 2.1.0)
  - Mantle/extobjc (2.1.0)
  - pop (1.0.10)
  - Realm (0.91.5):
    - Realm/Headers (= 0.91.5)
  - Realm/Headers (0.91.5)

DEPENDENCIES:
  - AFNetworking (~> 2.4.0)
  - Mantle
  - pop (~> 1.0)
  - Realm (~> 0.91.5)

SPEC CHECKSUMS:
  AFNetworking: 41d45d2c14219af0fa5addf3cfd433a002c13c9f
  Mantle: 2fa750afa478cd625a94230fbf1c13462f29395b
  pop: 82ca6b068ce9278fd350fd9dd09482a0ce9492e6
  Realm: 670059efdb212ab939c1745a60aff27820c0a9c4

PODFILE CHECKSUM: f7836e05afe490d93b3af11c653c3793e322a805

COCOAPODS: 1.3.1
